PODS:
  - Alamofire (4.7.1)
  - Google-Mobile-Ads-SDK (7.30.0)
  - Starscream (3.0.5)
  - SwiftValidator (4.0.0)

DEPENDENCIES:
  - Alamofire (~> 4.7)
  - Google-Mobile-Ads-SDK
  - Starscream (~> 3.0.2)
  - SwiftValidator (from `https://github.com/jpotts18/SwiftValidator.git`, branch `master`)

SPEC REPOS:
  https://github.com/CocoaPods/Specs.git:
    - Alamofire
    - Google-Mobile-Ads-SDK
    - Starscream

EXTERNAL SOURCES:
  SwiftValidator:
    :branch: master
    :git: https://github.com/jpotts18/SwiftValidator.git

CHECKOUT OPTIONS:
  SwiftValidator:
    :commit: 6cff6cac3e02a617f7cf11323e18526a117d5673
    :git: https://github.com/jpotts18/SwiftValidator.git

SPEC CHECKSUMS:
  Alamofire: 68d7d521118d49c615a8d2214d87cdf525599d30
  Google-Mobile-Ads-SDK: 7404f68120ae8682afeb5af001fbf4aad731c78e
  Starscream: faf918b2f2eff7d5dd21180646bf015a669673bd
  SwiftValidator: 25ded5ca1f10c05adf57f6ac82a72d28ac8d91af

PODFILE CHECKSUM: 58fe6d1484367d8828e7367b17558e3709fd22d2

COCOAPODS: 1.5.0
