PODS:
  - Alamofire (4.7.1)
  - Google-Mobile-Ads-SDK (7.30.0)
  - Socket.IO-Client-Swift (13.1.3):
    - Starscream (~> 3.0.2)
  - Starscream (3.0.4)
  - SwiftValidator (4.0.0)

DEPENDENCIES:
  - Alamofire (~> 4.7)
  - Google-Mobile-Ads-SDK
  - Socket.IO-Client-Swift (~> 13.1.0)
  - Starscream (~> 3.0.2)
  - SwiftValidator (from `https://github.com/jpotts18/SwiftValidator.git`, branch `master`)

EXTERNAL SOURCES:
  SwiftValidator:
    :branch: master
    :git: https://github.com/jpotts18/SwiftValidator.git

CHECKOUT OPTIONS:
  SwiftValidator:
    :commit: 6cff6cac3e02a617f7cf11323e18526a117d5673
    :git: https://github.com/jpotts18/SwiftValidator.git

SPEC CHECKSUMS:
  Alamofire: 68d7d521118d49c615a8d2214d87cdf525599d30
  Google-Mobile-Ads-SDK: 7404f68120ae8682afeb5af001fbf4aad731c78e
  Socket.IO-Client-Swift: d30d6fd08a38ad2a182b090936a043bf512ab2de
  Starscream: f5da93fe6984c77b694366bf7299b7dc63a76f26
  SwiftValidator: 25ded5ca1f10c05adf57f6ac82a72d28ac8d91af

PODFILE CHECKSUM: 580bab6f4ac67f4c2beca9143a9d1b5da2d075db

COCOAPODS: 1.4.0
