// !$*UTF8*$!
{
	archiveVersion = 1;
	classes = {
	};
	objectVersion = 48;
	objects = {

/* Begin PBXBuildFile section */
		080915042068ED6400814642 /* CustomAlertViewController.swift in Sources */ = {isa = PBXBuildFile; fileRef = 080915032068ED6400814642 /* CustomAlertViewController.swift */; };
		084A20CA20691E620009E4B2 /* ChatsTVC.swift in Sources */ = {isa = PBXBuildFile; fileRef = 084A20C920691E620009E4B2 /* ChatsTVC.swift */; };
		084A20CC206930AD0009E4B2 /* parseJSON.swift in Sources */ = {isa = PBXBuildFile; fileRef = 084A20CB206930AD0009E4B2 /* parseJSON.swift */; };
		09AFA1FC20614C600064B22F /* Localizable.strings in Resources */ = {isa = PBXBuildFile; fileRef = 09AFA1FE20614C600064B22F /* Localizable.strings */; };
		824F915B80F6875D7A45B015 /* Pods_Proj.framework in Frameworks */ = {isa = PBXBuildFile; fileRef = 2FBCC42F1214948E440A4B3F /* Pods_Proj.framework */; };
		841FA1D0207214C700D0064A /* TranslateModel.swift in Sources */ = {isa = PBXBuildFile; fileRef = 841FA1CF207214C700D0064A /* TranslateModel.swift */; };
		841FA1D220723C4200D0064A /* AVFoundation.framework in Frameworks */ = {isa = PBXBuildFile; fileRef = 841FA1D120723C4200D0064A /* AVFoundation.framework */; };
		842724EA20626ADD006B936E /* TimerManager.swift in Sources */ = {isa = PBXBuildFile; fileRef = 842724E920626ADD006B936E /* TimerManager.swift */; };
		843815D5206E0A750086BC5B /* AddsManager.swift in Sources */ = {isa = PBXBuildFile; fileRef = 843815D4206E0A750086BC5B /* AddsManager.swift */; };
		849732ED206B790700B14175 /* authStruct.swift in Sources */ = {isa = PBXBuildFile; fileRef = 849732EC206B790700B14175 /* authStruct.swift */; };
		849732EF206B835E00B14175 /* UserModel.swift in Sources */ = {isa = PBXBuildFile; fileRef = 849732EE206B835E00B14175 /* UserModel.swift */; };
		849945E62063CA8800E631A9 /* APIService.swift in Sources */ = {isa = PBXBuildFile; fileRef = 849945E52063CA8800E631A9 /* APIService.swift */; };
		849945E82063E74200E631A9 /* RegistrationVC.swift in Sources */ = {isa = PBXBuildFile; fileRef = 849945E72063E74200E631A9 /* RegistrationVC.swift */; };
		84A19C282062B35F0043751A /* TableViewSettings.swift in Sources */ = {isa = PBXBuildFile; fileRef = 84A19C272062B35F0043751A /* TableViewSettings.swift */; };
		84A8B9E72060F8A3005A7200 /* EntranceController.swift in Sources */ = {isa = PBXBuildFile; fileRef = 84A8B9E62060F8A3005A7200 /* EntranceController.swift */; };
		84FC5122205FB6E400A8F6DD /* AppDelegate.swift in Sources */ = {isa = PBXBuildFile; fileRef = 84FC5121205FB6E400A8F6DD /* AppDelegate.swift */; };
		84FC5124205FB6E400A8F6DD /* ViewController.swift in Sources */ = {isa = PBXBuildFile; fileRef = 84FC5123205FB6E400A8F6DD /* ViewController.swift */; };
		84FC5127205FB6E400A8F6DD /* Main.storyboard in Resources */ = {isa = PBXBuildFile; fileRef = 84FC5125205FB6E400A8F6DD /* Main.storyboard */; };
		84FC5129205FB6E400A8F6DD /* Assets.xcassets in Resources */ = {isa = PBXBuildFile; fileRef = 84FC5128205FB6E400A8F6DD /* Assets.xcassets */; };
		84FC512C205FB6E400A8F6DD /* LaunchScreen.storyboard in Resources */ = {isa = PBXBuildFile; fileRef = 84FC512A205FB6E400A8F6DD /* LaunchScreen.storyboard */; };
		84FC5137205FB6E400A8F6DD /* ProjUITests.swift in Sources */ = {isa = PBXBuildFile; fileRef = 84FC5136205FB6E400A8F6DD /* ProjUITests.swift */; };
		8BB75BBD2074AC490067CCB2 /* CellContacts.swift in Sources */ = {isa = PBXBuildFile; fileRef = 8BB75BBB2074AC490067CCB2 /* CellContacts.swift */; };
		8BB75BBE2074AC490067CCB2 /* CellContacts.xib in Resources */ = {isa = PBXBuildFile; fileRef = 8BB75BBC2074AC490067CCB2 /* CellContacts.xib */; };
/* End PBXBuildFile section */

/* Begin PBXContainerItemProxy section */
		84FC5133205FB6E400A8F6DD /* PBXContainerItemProxy */ = {
			isa = PBXContainerItemProxy;
			containerPortal = 84FC5116205FB6E400A8F6DD /* Project object */;
			proxyType = 1;
			remoteGlobalIDString = 84FC511D205FB6E400A8F6DD;
			remoteInfo = Proj;
		};
/* End PBXContainerItemProxy section */

/* Begin PBXFileReference section */
		080915032068ED6400814642 /* CustomAlertViewController.swift */ = {isa = PBXFileReference; lastKnownFileType = sourcecode.swift; path = CustomAlertViewController.swift; sourceTree = "<group>"; };
		084A20C920691E620009E4B2 /* ChatsTVC.swift */ = {isa = PBXFileReference; lastKnownFileType = sourcecode.swift; path = ChatsTVC.swift; sourceTree = "<group>"; };
		084A20CB206930AD0009E4B2 /* parseJSON.swift */ = {isa = PBXFileReference; lastKnownFileType = sourcecode.swift; path = parseJSON.swift; sourceTree = "<group>"; };
		09AFA1FD20614C600064B22F /* en */ = {isa = PBXFileReference; lastKnownFileType = text.plist.strings; name = en; path = en.lproj/Localizable.strings; sourceTree = "<group>"; };
		09AFA1FF20614CAE0064B22F /* ru */ = {isa = PBXFileReference; lastKnownFileType = text.plist.strings; name = ru; path = ru.lproj/Localizable.strings; sourceTree = "<group>"; };
		2FBCC42F1214948E440A4B3F /* Pods_Proj.framework */ = {isa = PBXFileReference; explicitFileType = wrapper.framework; includeInIndex = 0; path = Pods_Proj.framework; sourceTree = BUILT_PRODUCTS_DIR; };
		841FA1CF207214C700D0064A /* TranslateModel.swift */ = {isa = PBXFileReference; lastKnownFileType = sourcecode.swift; path = TranslateModel.swift; sourceTree = "<group>"; };
		841FA1D120723C4200D0064A /* AVFoundation.framework */ = {isa = PBXFileReference; lastKnownFileType = wrapper.framework; name = AVFoundation.framework; path = System/Library/Frameworks/AVFoundation.framework; sourceTree = SDKROOT; };
		842724E920626ADD006B936E /* TimerManager.swift */ = {isa = PBXFileReference; lastKnownFileType = sourcecode.swift; path = TimerManager.swift; sourceTree = "<group>"; };
		843815D4206E0A750086BC5B /* AddsManager.swift */ = {isa = PBXFileReference; lastKnownFileType = sourcecode.swift; path = AddsManager.swift; sourceTree = "<group>"; };
		849732EC206B790700B14175 /* authStruct.swift */ = {isa = PBXFileReference; lastKnownFileType = sourcecode.swift; path = authStruct.swift; sourceTree = "<group>"; };
		849732EE206B835E00B14175 /* UserModel.swift */ = {isa = PBXFileReference; lastKnownFileType = sourcecode.swift; path = UserModel.swift; sourceTree = "<group>"; };
		849945E52063CA8800E631A9 /* APIService.swift */ = {isa = PBXFileReference; lastKnownFileType = sourcecode.swift; path = APIService.swift; sourceTree = "<group>"; };
		849945E72063E74200E631A9 /* RegistrationVC.swift */ = {isa = PBXFileReference; lastKnownFileType = sourcecode.swift; path = RegistrationVC.swift; sourceTree = "<group>"; };
		84A19C272062B35F0043751A /* TableViewSettings.swift */ = {isa = PBXFileReference; lastKnownFileType = sourcecode.swift; path = TableViewSettings.swift; sourceTree = "<group>"; };
		84A8B9E62060F8A3005A7200 /* EntranceController.swift */ = {isa = PBXFileReference; lastKnownFileType = sourcecode.swift; path = EntranceController.swift; sourceTree = "<group>"; };
		84FC511E205FB6E400A8F6DD /* Proj.app */ = {isa = PBXFileReference; explicitFileType = wrapper.application; includeInIndex = 0; path = Proj.app; sourceTree = BUILT_PRODUCTS_DIR; };
		84FC5121205FB6E400A8F6DD /* AppDelegate.swift */ = {isa = PBXFileReference; lastKnownFileType = sourcecode.swift; path = AppDelegate.swift; sourceTree = "<group>"; };
		84FC5123205FB6E400A8F6DD /* ViewController.swift */ = {isa = PBXFileReference; lastKnownFileType = sourcecode.swift; path = ViewController.swift; sourceTree = "<group>"; };
		84FC5126205FB6E400A8F6DD /* Base */ = {isa = PBXFileReference; lastKnownFileType = file.storyboard; name = Base; path = Base.lproj/Main.storyboard; sourceTree = "<group>"; };
		84FC5128205FB6E400A8F6DD /* Assets.xcassets */ = {isa = PBXFileReference; lastKnownFileType = folder.assetcatalog; path = Assets.xcassets; sourceTree = "<group>"; };
		84FC512B205FB6E400A8F6DD /* Base */ = {isa = PBXFileReference; lastKnownFileType = file.storyboard; name = Base; path = Base.lproj/LaunchScreen.storyboard; sourceTree = "<group>"; };
		84FC512D205FB6E400A8F6DD /* Info.plist */ = {isa = PBXFileReference; lastKnownFileType = text.plist.xml; path = Info.plist; sourceTree = "<group>"; };
		84FC5132205FB6E400A8F6DD /* ProjUITests.xctest */ = {isa = PBXFileReference; explicitFileType = wrapper.cfbundle; includeInIndex = 0; path = ProjUITests.xctest; sourceTree = BUILT_PRODUCTS_DIR; };
		84FC5136205FB6E400A8F6DD /* ProjUITests.swift */ = {isa = PBXFileReference; lastKnownFileType = sourcecode.swift; path = ProjUITests.swift; sourceTree = "<group>"; };
		84FC5138205FB6E400A8F6DD /* Info.plist */ = {isa = PBXFileReference; lastKnownFileType = text.plist.xml; path = Info.plist; sourceTree = "<group>"; };
		84FC514B205FEEAE00A8F6DD /* SWRevealViewController.h */ = {isa = PBXFileReference; lastKnownFileType = sourcecode.c.h; path = SWRevealViewController.h; sourceTree = "<group>"; };
		84FC514C205FEEC700A8F6DD /* SWRevealViewController.m */ = {isa = PBXFileReference; lastKnownFileType = sourcecode.c.objc; path = SWRevealViewController.m; sourceTree = "<group>"; };
		8BB75BBB2074AC490067CCB2 /* CellContacts.swift */ = {isa = PBXFileReference; lastKnownFileType = sourcecode.swift; path = CellContacts.swift; sourceTree = "<group>"; };
		8BB75BBC2074AC490067CCB2 /* CellContacts.xib */ = {isa = PBXFileReference; lastKnownFileType = file.xib; path = CellContacts.xib; sourceTree = "<group>"; };
		B7E6ADABEB36C1A1834CB101 /* Pods-Proj.debug.xcconfig */ = {isa = PBXFileReference; includeInIndex = 1; lastKnownFileType = text.xcconfig; name = "Pods-Proj.debug.xcconfig"; path = "Pods/Target Support Files/Pods-Proj/Pods-Proj.debug.xcconfig"; sourceTree = "<group>"; };
		BE72C2E76E1587F6F4825FCC /* Pods-Proj.release.xcconfig */ = {isa = PBXFileReference; includeInIndex = 1; lastKnownFileType = text.xcconfig; name = "Pods-Proj.release.xcconfig"; path = "Pods/Target Support Files/Pods-Proj/Pods-Proj.release.xcconfig"; sourceTree = "<group>"; };
/* End PBXFileReference section */

/* Begin PBXFrameworksBuildPhase section */
		84FC511B205FB6E400A8F6DD /* Frameworks */ = {
			isa = PBXFrameworksBuildPhase;
			buildActionMask = 2147483647;
			files = (
				841FA1D220723C4200D0064A /* AVFoundation.framework in Frameworks */,
				824F915B80F6875D7A45B015 /* Pods_Proj.framework in Frameworks */,
			);
			runOnlyForDeploymentPostprocessing = 0;
		};
		84FC512F205FB6E400A8F6DD /* Frameworks */ = {
			isa = PBXFrameworksBuildPhase;
			buildActionMask = 2147483647;
			files = (
			);
			runOnlyForDeploymentPostprocessing = 0;
		};
/* End PBXFrameworksBuildPhase section */

/* Begin PBXGroup section */
		080915022068CA8D00814642 /* Service */ = {
			isa = PBXGroup;
			children = (
				849945E52063CA8800E631A9 /* APIService.swift */,
				842724E920626ADD006B936E /* TimerManager.swift */,
				841FA1CF207214C700D0064A /* TranslateModel.swift */,
				843815D4206E0A750086BC5B /* AddsManager.swift */,
				849732EE206B835E00B14175 /* UserModel.swift */,
				849732EC206B790700B14175 /* authStruct.swift */,
				084A20CB206930AD0009E4B2 /* parseJSON.swift */,
			);
			path = Service;
			sourceTree = "<group>";
		};
		84A19C242062A5EB0043751A /* Controllers */ = {
			isa = PBXGroup;
			children = (
				080915022068CA8D00814642 /* Service */,
				84FC5123205FB6E400A8F6DD /* ViewController.swift */,
				084A20C920691E620009E4B2 /* ChatsTVC.swift */,
				84A19C272062B35F0043751A /* TableViewSettings.swift */,
				8BB75BBB2074AC490067CCB2 /* CellContacts.swift */,
				8BB75BBC2074AC490067CCB2 /* CellContacts.xib */,
				849945E72063E74200E631A9 /* RegistrationVC.swift */,
				84A8B9E62060F8A3005A7200 /* EntranceController.swift */,
				080915032068ED6400814642 /* CustomAlertViewController.swift */,
			);
			path = Controllers;
			sourceTree = "<group>";
		};
		84FC5115205FB6E400A8F6DD = {
			isa = PBXGroup;
			children = (
				84FC5120205FB6E400A8F6DD /* Proj */,
				84FC5135205FB6E400A8F6DD /* ProjUITests */,
				84FC511F205FB6E400A8F6DD /* Products */,
				FA280CA8C7F14D626B011244 /* Pods */,
				92E5B17A4BC18C066403C69A /* Frameworks */,
			);
			sourceTree = "<group>";
		};
		84FC511F205FB6E400A8F6DD /* Products */ = {
			isa = PBXGroup;
			children = (
				84FC511E205FB6E400A8F6DD /* Proj.app */,
				84FC5132205FB6E400A8F6DD /* ProjUITests.xctest */,
			);
			name = Products;
			sourceTree = "<group>";
		};
		84FC5120205FB6E400A8F6DD /* Proj */ = {
			isa = PBXGroup;
			children = (
				84FC5121205FB6E400A8F6DD /* AppDelegate.swift */,
				84A19C242062A5EB0043751A /* Controllers */,
				84FC5125205FB6E400A8F6DD /* Main.storyboard */,
				84FC5128205FB6E400A8F6DD /* Assets.xcassets */,
				09AFA1FE20614C600064B22F /* Localizable.strings */,
				84FC512A205FB6E400A8F6DD /* LaunchScreen.storyboard */,
				84FC512D205FB6E400A8F6DD /* Info.plist */,
				84FC514A205FEE6600A8F6DD /* SWRevealViewController */,
			);
			path = Proj;
			sourceTree = "<group>";
		};
		84FC5135205FB6E400A8F6DD /* ProjUITests */ = {
			isa = PBXGroup;
			children = (
				84FC5136205FB6E400A8F6DD /* ProjUITests.swift */,
				84FC5138205FB6E400A8F6DD /* Info.plist */,
			);
			path = ProjUITests;
			sourceTree = "<group>";
		};
		84FC514A205FEE6600A8F6DD /* SWRevealViewController */ = {
			isa = PBXGroup;
			children = (
				84FC514C205FEEC700A8F6DD /* SWRevealViewController.m */,
				84FC514B205FEEAE00A8F6DD /* SWRevealViewController.h */,
			);
			path = SWRevealViewController;
			sourceTree = "<group>";
		};
		92E5B17A4BC18C066403C69A /* Frameworks */ = {
			isa = PBXGroup;
			children = (
				841FA1D120723C4200D0064A /* AVFoundation.framework */,
				2FBCC42F1214948E440A4B3F /* Pods_Proj.framework */,
			);
			name = Frameworks;
			sourceTree = "<group>";
		};
		FA280CA8C7F14D626B011244 /* Pods */ = {
			isa = PBXGroup;
			children = (
				B7E6ADABEB36C1A1834CB101 /* Pods-Proj.debug.xcconfig */,
				BE72C2E76E1587F6F4825FCC /* Pods-Proj.release.xcconfig */,
			);
			name = Pods;
			sourceTree = "<group>";
		};
/* End PBXGroup section */

/* Begin PBXNativeTarget section */
		84FC511D205FB6E400A8F6DD /* Proj */ = {
			isa = PBXNativeTarget;
			buildConfigurationList = 84FC513B205FB6E400A8F6DD /* Build configuration list for PBXNativeTarget "Proj" */;
			buildPhases = (
				A0BD73E2941B726672C07D12 /* [CP] Check Pods Manifest.lock */,
				84FC511A205FB6E400A8F6DD /* Sources */,
				84FC511B205FB6E400A8F6DD /* Frameworks */,
				84FC511C205FB6E400A8F6DD /* Resources */,
				7979DBB11E27349DEFBC722B /* [CP] Embed Pods Frameworks */,
				E84DB2E893B86A050B11A4EB /* [CP] Copy Pods Resources */,
			);
			buildRules = (
			);
			dependencies = (
			);
			name = Proj;
			productName = Proj;
			productReference = 84FC511E205FB6E400A8F6DD /* Proj.app */;
			productType = "com.apple.product-type.application";
		};
		84FC5131205FB6E400A8F6DD /* ProjUITests */ = {
			isa = PBXNativeTarget;
			buildConfigurationList = 84FC513E205FB6E400A8F6DD /* Build configuration list for PBXNativeTarget "ProjUITests" */;
			buildPhases = (
				84FC512E205FB6E400A8F6DD /* Sources */,
				84FC512F205FB6E400A8F6DD /* Frameworks */,
				84FC5130205FB6E400A8F6DD /* Resources */,
			);
			buildRules = (
			);
			dependencies = (
				84FC5134205FB6E400A8F6DD /* PBXTargetDependency */,
			);
			name = ProjUITests;
			productName = ProjUITests;
			productReference = 84FC5132205FB6E400A8F6DD /* ProjUITests.xctest */;
			productType = "com.apple.product-type.bundle.ui-testing";
		};
/* End PBXNativeTarget section */

/* Begin PBXProject section */
		84FC5116205FB6E400A8F6DD /* Project object */ = {
			isa = PBXProject;
			attributes = {
				LastSwiftUpdateCheck = 0920;
				LastUpgradeCheck = 0920;
				ORGANIZATIONNAME = Admin;
				TargetAttributes = {
					84FC511D205FB6E400A8F6DD = {
						CreatedOnToolsVersion = 9.2;
						LastSwiftMigration = 0920;
						ProvisioningStyle = Automatic;
					};
					84FC5131205FB6E400A8F6DD = {
						CreatedOnToolsVersion = 9.2;
						ProvisioningStyle = Automatic;
						TestTargetID = 84FC511D205FB6E400A8F6DD;
					};
				};
			};
			buildConfigurationList = 84FC5119205FB6E400A8F6DD /* Build configuration list for PBXProject "Proj" */;
			compatibilityVersion = "Xcode 8.0";
			developmentRegion = en;
			hasScannedForEncodings = 0;
			knownRegions = (
				en,
				Base,
				ru,
			);
			mainGroup = 84FC5115205FB6E400A8F6DD;
			productRefGroup = 84FC511F205FB6E400A8F6DD /* Products */;
			projectDirPath = "";
			projectRoot = "";
			targets = (
				84FC511D205FB6E400A8F6DD /* Proj */,
				84FC5131205FB6E400A8F6DD /* ProjUITests */,
			);
		};
/* End PBXProject section */

/* Begin PBXResourcesBuildPhase section */
		84FC511C205FB6E400A8F6DD /* Resources */ = {
			isa = PBXResourcesBuildPhase;
			buildActionMask = 2147483647;
			files = (
				84FC512C205FB6E400A8F6DD /* LaunchScreen.storyboard in Resources */,
				8BB75BBE2074AC490067CCB2 /* CellContacts.xib in Resources */,
				09AFA1FC20614C600064B22F /* Localizable.strings in Resources */,
				84FC5129205FB6E400A8F6DD /* Assets.xcassets in Resources */,
				84FC5127205FB6E400A8F6DD /* Main.storyboard in Resources */,
			);
			runOnlyForDeploymentPostprocessing = 0;
		};
		84FC5130205FB6E400A8F6DD /* Resources */ = {
			isa = PBXResourcesBuildPhase;
			buildActionMask = 2147483647;
			files = (
			);
			runOnlyForDeploymentPostprocessing = 0;
		};
/* End PBXResourcesBuildPhase section */

/* Begin PBXShellScriptBuildPhase section */
		7979DBB11E27349DEFBC722B /* [CP] Embed Pods Frameworks */ = {
			isa = PBXShellScriptBuildPhase;
			buildActionMask = 2147483647;
			files = (
			);
			inputPaths = (
				"${SRCROOT}/Pods/Target Support Files/Pods-Proj/Pods-Proj-frameworks.sh",
				"${BUILT_PRODUCTS_DIR}/Alamofire/Alamofire.framework",
				"${BUILT_PRODUCTS_DIR}/SwiftValidator/SwiftValidator.framework",
			);
			name = "[CP] Embed Pods Frameworks";
			outputPaths = (
				"${TARGET_BUILD_DIR}/${FRAMEWORKS_FOLDER_PATH}/Alamofire.framework",
				"${TARGET_BUILD_DIR}/${FRAMEWORKS_FOLDER_PATH}/SwiftValidator.framework",
			);
			runOnlyForDeploymentPostprocessing = 0;
			shellPath = /bin/sh;
			shellScript = "\"${SRCROOT}/Pods/Target Support Files/Pods-Proj/Pods-Proj-frameworks.sh\"\n";
			showEnvVarsInLog = 0;
		};
		A0BD73E2941B726672C07D12 /* [CP] Check Pods Manifest.lock */ = {
			isa = PBXShellScriptBuildPhase;
			buildActionMask = 2147483647;
			files = (
			);
			inputPaths = (
				"${PODS_PODFILE_DIR_PATH}/Podfile.lock",
				"${PODS_ROOT}/Manifest.lock",
			);
			name = "[CP] Check Pods Manifest.lock";
			outputPaths = (
				"$(DERIVED_FILE_DIR)/Pods-Proj-checkManifestLockResult.txt",
			);
			runOnlyForDeploymentPostprocessing = 0;
			shellPath = /bin/sh;
			shellScript = "diff \"${PODS_PODFILE_DIR_PATH}/Podfile.lock\" \"${PODS_ROOT}/Manifest.lock\" > /dev/null\nif [ $? != 0 ] ; then\n    # print error to STDERR\n    echo \"error: The sandbox is not in sync with the Podfile.lock. Run 'pod install' or update your CocoaPods installation.\" >&2\n    exit 1\nfi\n# This output is used by Xcode 'outputs' to avoid re-running this script phase.\necho \"SUCCESS\" > \"${SCRIPT_OUTPUT_FILE_0}\"\n";
			showEnvVarsInLog = 0;
		};
		E84DB2E893B86A050B11A4EB /* [CP] Copy Pods Resources */ = {
			isa = PBXShellScriptBuildPhase;
			buildActionMask = 2147483647;
			files = (
			);
			inputPaths = (
			);
			name = "[CP] Copy Pods Resources";
			outputPaths = (
			);
			runOnlyForDeploymentPostprocessing = 0;
			shellPath = /bin/sh;
			shellScript = "\"${SRCROOT}/Pods/Target Support Files/Pods-Proj/Pods-Proj-resources.sh\"\n";
			showEnvVarsInLog = 0;
		};
/* End PBXShellScriptBuildPhase section */

/* Begin PBXSourcesBuildPhase section */
		84FC511A205FB6E400A8F6DD /* Sources */ = {
			isa = PBXSourcesBuildPhase;
			buildActionMask = 2147483647;
			files = (
				84A19C282062B35F0043751A /* TableViewSettings.swift in Sources */,
				84FC5124205FB6E400A8F6DD /* ViewController.swift in Sources */,
				841FA1D0207214C700D0064A /* TranslateModel.swift in Sources */,
				849945E62063CA8800E631A9 /* APIService.swift in Sources */,
				084A20CC206930AD0009E4B2 /* parseJSON.swift in Sources */,
				842724EA20626ADD006B936E /* TimerManager.swift in Sources */,
				080915042068ED6400814642 /* CustomAlertViewController.swift in Sources */,
				084A20CA20691E620009E4B2 /* ChatsTVC.swift in Sources */,
				84FC5122205FB6E400A8F6DD /* AppDelegate.swift in Sources */,
				843815D5206E0A750086BC5B /* AddsManager.swift in Sources */,
				8BB75BBD2074AC490067CCB2 /* CellContacts.swift in Sources */,
				849945E82063E74200E631A9 /* RegistrationVC.swift in Sources */,
				849732ED206B790700B14175 /* authStruct.swift in Sources */,
				849732EF206B835E00B14175 /* UserModel.swift in Sources */,
				84A8B9E72060F8A3005A7200 /* EntranceController.swift in Sources */,
			);
			runOnlyForDeploymentPostprocessing = 0;
		};
		84FC512E205FB6E400A8F6DD /* Sources */ = {
			isa = PBXSourcesBuildPhase;
			buildActionMask = 2147483647;
			files = (
				84FC5137205FB6E400A8F6DD /* ProjUITests.swift in Sources */,
			);
			runOnlyForDeploymentPostprocessing = 0;
		};
/* End PBXSourcesBuildPhase section */

/* Begin PBXTargetDependency section */
		84FC5134205FB6E400A8F6DD /* PBXTargetDependency */ = {
			isa = PBXTargetDependency;
			target = 84FC511D205FB6E400A8F6DD /* Proj */;
			targetProxy = 84FC5133205FB6E400A8F6DD /* PBXContainerItemProxy */;
		};
/* End PBXTargetDependency section */

/* Begin PBXVariantGroup section */
		09AFA1FE20614C600064B22F /* Localizable.strings */ = {
			isa = PBXVariantGroup;
			children = (
				09AFA1FD20614C600064B22F /* en */,
				09AFA1FF20614CAE0064B22F /* ru */,
			);
			name = Localizable.strings;
			sourceTree = "<group>";
		};
		84FC5125205FB6E400A8F6DD /* Main.storyboard */ = {
			isa = PBXVariantGroup;
			children = (
				84FC5126205FB6E400A8F6DD /* Base */,
			);
			name = Main.storyboard;
			sourceTree = "<group>";
		};
		84FC512A205FB6E400A8F6DD /* LaunchScreen.storyboard */ = {
			isa = PBXVariantGroup;
			children = (
				84FC512B205FB6E400A8F6DD /* Base */,
			);
			name = LaunchScreen.storyboard;
			sourceTree = "<group>";
		};
/* End PBXVariantGroup section */

/* Begin XCBuildConfiguration section */
		84FC5139205FB6E400A8F6DD /* Debug */ = {
			isa = XCBuildConfiguration;
			buildSettings = {
				ALWAYS_SEARCH_USER_PATHS = NO;
				CLANG_ANALYZER_LOCALIZABILITY_NONLOCALIZED = YES;
				CLANG_ANALYZER_NONNULL = YES;
				CLANG_ANALYZER_NUMBER_OBJECT_CONVERSION = YES_AGGRESSIVE;
				CLANG_CXX_LANGUAGE_STANDARD = "gnu++14";
				CLANG_CXX_LIBRARY = "libc++";
				CLANG_ENABLE_MODULES = YES;
				CLANG_ENABLE_OBJC_ARC = YES;
				CLANG_WARN_BLOCK_CAPTURE_AUTORELEASING = YES;
				CLANG_WARN_BOOL_CONVERSION = YES;
				CLANG_WARN_COMMA = YES;
				CLANG_WARN_CONSTANT_CONVERSION = YES;
				CLANG_WARN_DIRECT_OBJC_ISA_USAGE = YES_ERROR;
				CLANG_WARN_DOCUMENTATION_COMMENTS = YES;
				CLANG_WARN_EMPTY_BODY = YES;
				CLANG_WARN_ENUM_CONVERSION = YES;
				CLANG_WARN_INFINITE_RECURSION = YES;
				CLANG_WARN_INT_CONVERSION = YES;
				CLANG_WARN_NON_LITERAL_NULL_CONVERSION = YES;
				CLANG_WARN_OBJC_LITERAL_CONVERSION = YES;
				CLANG_WARN_OBJC_ROOT_CLASS = YES_ERROR;
				CLANG_WARN_RANGE_LOOP_ANALYSIS = YES;
				CLANG_WARN_STRICT_PROTOTYPES = YES;
				CLANG_WARN_SUSPICIOUS_MOVE = YES;
				CLANG_WARN_UNGUARDED_AVAILABILITY = YES_AGGRESSIVE;
				CLANG_WARN_UNREACHABLE_CODE = YES;
				CLANG_WARN__DUPLICATE_METHOD_MATCH = YES;
				CODE_SIGN_IDENTITY = "iPhone Developer";
				COPY_PHASE_STRIP = NO;
				DEBUG_INFORMATION_FORMAT = dwarf;
				ENABLE_STRICT_OBJC_MSGSEND = YES;
				ENABLE_TESTABILITY = YES;
				GCC_C_LANGUAGE_STANDARD = gnu11;
				GCC_DYNAMIC_NO_PIC = NO;
				GCC_NO_COMMON_BLOCKS = YES;
				GCC_OPTIMIZATION_LEVEL = 0;
				GCC_PREPROCESSOR_DEFINITIONS = (
					"DEBUG=1",
					"$(inherited)",
				);
				GCC_WARN_64_TO_32_BIT_CONVERSION = YES;
				GCC_WARN_ABOUT_RETURN_TYPE = YES_ERROR;
				GCC_WARN_UNDECLARED_SELECTOR = YES;
				GCC_WARN_UNINITIALIZED_AUTOS = YES_AGGRESSIVE;
				GCC_WARN_UNUSED_FUNCTION = YES;
				GCC_WARN_UNUSED_VARIABLE = YES;
				IPHONEOS_DEPLOYMENT_TARGET = 11.2;
				MTL_ENABLE_DEBUG_INFO = YES;
				ONLY_ACTIVE_ARCH = YES;
				SDKROOT = iphoneos;
				SWIFT_ACTIVE_COMPILATION_CONDITIONS = DEBUG;
				SWIFT_OPTIMIZATION_LEVEL = "-Onone";
			};
			name = Debug;
		};
		84FC513A205FB6E400A8F6DD /* Release */ = {
			isa = XCBuildConfiguration;
			buildSettings = {
				ALWAYS_SEARCH_USER_PATHS = NO;
				CLANG_ANALYZER_LOCALIZABILITY_NONLOCALIZED = YES;
				CLANG_ANALYZER_NONNULL = YES;
				CLANG_ANALYZER_NUMBER_OBJECT_CONVERSION = YES_AGGRESSIVE;
				CLANG_CXX_LANGUAGE_STANDARD = "gnu++14";
				CLANG_CXX_LIBRARY = "libc++";
				CLANG_ENABLE_MODULES = YES;
				CLANG_ENABLE_OBJC_ARC = YES;
				CLANG_WARN_BLOCK_CAPTURE_AUTORELEASING = YES;
				CLANG_WARN_BOOL_CONVERSION = YES;
				CLANG_WARN_COMMA = YES;
				CLANG_WARN_CONSTANT_CONVERSION = YES;
				CLANG_WARN_DIRECT_OBJC_ISA_USAGE = YES_ERROR;
				CLANG_WARN_DOCUMENTATION_COMMENTS = YES;
				CLANG_WARN_EMPTY_BODY = YES;
				CLANG_WARN_ENUM_CONVERSION = YES;
				CLANG_WARN_INFINITE_RECURSION = YES;
				CLANG_WARN_INT_CONVERSION = YES;
				CLANG_WARN_NON_LITERAL_NULL_CONVERSION = YES;
				CLANG_WARN_OBJC_LITERAL_CONVERSION = YES;
				CLANG_WARN_OBJC_ROOT_CLASS = YES_ERROR;
				CLANG_WARN_RANGE_LOOP_ANALYSIS = YES;
				CLANG_WARN_STRICT_PROTOTYPES = YES;
				CLANG_WARN_SUSPICIOUS_MOVE = YES;
				CLANG_WARN_UNGUARDED_AVAILABILITY = YES_AGGRESSIVE;
				CLANG_WARN_UNREACHABLE_CODE = YES;
				CLANG_WARN__DUPLICATE_METHOD_MATCH = YES;
				CODE_SIGN_IDENTITY = "iPhone Developer";
				COPY_PHASE_STRIP = NO;
				DEBUG_INFORMATION_FORMAT = "dwarf-with-dsym";
				ENABLE_NS_ASSERTIONS = NO;
				ENABLE_STRICT_OBJC_MSGSEND = YES;
				GCC_C_LANGUAGE_STANDARD = gnu11;
				GCC_NO_COMMON_BLOCKS = YES;
				GCC_WARN_64_TO_32_BIT_CONVERSION = YES;
				GCC_WARN_ABOUT_RETURN_TYPE = YES_ERROR;
				GCC_WARN_UNDECLARED_SELECTOR = YES;
				GCC_WARN_UNINITIALIZED_AUTOS = YES_AGGRESSIVE;
				GCC_WARN_UNUSED_FUNCTION = YES;
				GCC_WARN_UNUSED_VARIABLE = YES;
				IPHONEOS_DEPLOYMENT_TARGET = 11.2;
				MTL_ENABLE_DEBUG_INFO = NO;
				SDKROOT = iphoneos;
				SWIFT_OPTIMIZATION_LEVEL = "-Owholemodule";
				VALIDATE_PRODUCT = YES;
			};
			name = Release;
		};
		84FC513C205FB6E400A8F6DD /* Debug */ = {
			isa = XCBuildConfiguration;
			baseConfigurationReference = B7E6ADABEB36C1A1834CB101 /* Pods-Proj.debug.xcconfig */;
			buildSettings = {
				ASSETCATALOG_COMPILER_APPICON_NAME = AppIcon;
				CLANG_ENABLE_MODULES = YES;
				CODE_SIGN_STYLE = Automatic;
				DEVELOPMENT_TEAM = 35R62WT293;
				INFOPLIST_FILE = Proj/Info.plist;
				IPHONEOS_DEPLOYMENT_TARGET = 10.0;
				LD_RUNPATH_SEARCH_PATHS = "$(inherited) @executable_path/Frameworks";
				PRODUCT_BUNDLE_IDENTIFIER = AA.Proj;
				PRODUCT_NAME = "$(TARGET_NAME)";
				SWIFT_OPTIMIZATION_LEVEL = "-Onone";
				SWIFT_VERSION = 4.0;
				TARGETED_DEVICE_FAMILY = "1,2";
			};
			name = Debug;
		};
		84FC513D205FB6E400A8F6DD /* Release */ = {
			isa = XCBuildConfiguration;
			baseConfigurationReference = BE72C2E76E1587F6F4825FCC /* Pods-Proj.release.xcconfig */;
			buildSettings = {
				ASSETCATALOG_COMPILER_APPICON_NAME = AppIcon;
				CLANG_ENABLE_MODULES = YES;
				CODE_SIGN_STYLE = Automatic;
				DEVELOPMENT_TEAM = 35R62WT293;
				INFOPLIST_FILE = Proj/Info.plist;
				IPHONEOS_DEPLOYMENT_TARGET = 10.0;
				LD_RUNPATH_SEARCH_PATHS = "$(inherited) @executable_path/Frameworks";
				PRODUCT_BUNDLE_IDENTIFIER = AA.Proj;
				PRODUCT_NAME = "$(TARGET_NAME)";
				SWIFT_VERSION = 4.0;
				TARGETED_DEVICE_FAMILY = "1,2";
			};
			name = Release;
		};
		84FC513F205FB6E400A8F6DD /* Debug */ = {
			isa = XCBuildConfiguration;
			buildSettings = {
				ALWAYS_EMBED_SWIFT_STANDARD_LIBRARIES = YES;
				CODE_SIGN_STYLE = Automatic;
				INFOPLIST_FILE = ProjUITests/Info.plist;
				LD_RUNPATH_SEARCH_PATHS = "$(inherited) @executable_path/Frameworks @loader_path/Frameworks";
				PRODUCT_BUNDLE_IDENTIFIER = AA.ProjUITests;
				PRODUCT_NAME = "$(TARGET_NAME)";
				SWIFT_VERSION = 4.0;
				TARGETED_DEVICE_FAMILY = "1,2";
				TEST_TARGET_NAME = Proj;
			};
			name = Debug;
		};
		84FC5140205FB6E400A8F6DD /* Release */ = {
			isa = XCBuildConfiguration;
			buildSettings = {
				ALWAYS_EMBED_SWIFT_STANDARD_LIBRARIES = YES;
				CODE_SIGN_STYLE = Automatic;
				INFOPLIST_FILE = ProjUITests/Info.plist;
				LD_RUNPATH_SEARCH_PATHS = "$(inherited) @executable_path/Frameworks @loader_path/Frameworks";
				PRODUCT_BUNDLE_IDENTIFIER = AA.ProjUITests;
				PRODUCT_NAME = "$(TARGET_NAME)";
				SWIFT_VERSION = 4.0;
				TARGETED_DEVICE_FAMILY = "1,2";
				TEST_TARGET_NAME = Proj;
			};
			name = Release;
		};
/* End XCBuildConfiguration section */

/* Begin XCConfigurationList section */
		84FC5119205FB6E400A8F6DD /* Build configuration list for PBXProject "Proj" */ = {
			isa = XCConfigurationList;
			buildConfigurations = (
				84FC5139205FB6E400A8F6DD /* Debug */,
				84FC513A205FB6E400A8F6DD /* Release */,
			);
			defaultConfigurationIsVisible = 0;
			defaultConfigurationName = Release;
		};
		84FC513B205FB6E400A8F6DD /* Build configuration list for PBXNativeTarget "Proj" */ = {
			isa = XCConfigurationList;
			buildConfigurations = (
				84FC513C205FB6E400A8F6DD /* Debug */,
				84FC513D205FB6E400A8F6DD /* Release */,
			);
			defaultConfigurationIsVisible = 0;
			defaultConfigurationName = Release;
		};
		84FC513E205FB6E400A8F6DD /* Build configuration list for PBXNativeTarget "ProjUITests" */ = {
			isa = XCConfigurationList;
			buildConfigurations = (
				84FC513F205FB6E400A8F6DD /* Debug */,
				84FC5140205FB6E400A8F6DD /* Release */,
			);
			defaultConfigurationIsVisible = 0;
			defaultConfigurationName = Release;
		};
/* End XCConfigurationList section */
	};
	rootObject = 84FC5116205FB6E400A8F6DD /* Project object */;
}
